
Microsoft Visual Studio Solution File, Format Version 12.00
# Visual Studio Version 17
VisualStudioVersion = 17.0.32014.148
MinimumVisualStudioVersion = 10.0.40219.1
Project("{9A19103F-16F7-4668-BE54-9A1E7A4F7556}") = "SandboxSolution", "SandboxSolution\SandboxSolution.csproj", "{4565EDE0-BEA9-42AA-97F9-DC91D35044AD}"
EndProject
Project("{9A19103F-16F7-4668-BE54-9A1E7A4F7556}") = "GameStoreAPI", "GameStoreAPI\GameStoreAPI.csproj", "{DC48A272-37B9-42E7-8FC3-AE9CBB5FF652}"
EndProject
Global
	GlobalSection(SolutionConfigurationPlatforms) = preSolution
		Debug|Any CPU = Debug|Any CPU
		Release|Any CPU = Release|Any CPU
	EndGlobalSection
	GlobalSection(ProjectConfigurationPlatforms) = postSolution
		{4565EDE0-BEA9-42AA-97F9-DC91D35044AD}.Debug|Any CPU.ActiveCfg = Debug|Any CPU
		{4565EDE0-BEA9-42AA-97F9-DC91D35044AD}.Debug|Any CPU.Build.0 = Debug|Any CPU
		{4565EDE0-BEA9-42AA-97F9-DC91D35044AD}.Release|Any CPU.ActiveCfg = Release|Any CPU
		{4565EDE0-BEA9-42AA-97F9-DC91D35044AD}.Release|Any CPU.Build.0 = Release|Any CPU
		{DC48A272-37B9-42E7-8FC3-AE9CBB5FF652}.Debug|Any CPU.ActiveCfg = Debug|Any CPU
		{DC48A272-37B9-42E7-8FC3-AE9CBB5FF652}.Debug|Any CPU.Build.0 = Debug|Any CPU
		{DC48A272-37B9-42E7-8FC3-AE9CBB5FF652}.Release|Any CPU.ActiveCfg = Release|Any CPU
		{DC48A272-37B9-42E7-8FC3-AE9CBB5FF652}.Release|Any CPU.Build.0 = Release|Any CPU
	EndGlobalSection
	GlobalSection(SolutionProperties) = preSolution
		HideSolutionNode = FALSE
	EndGlobalSection
	GlobalSection(ExtensibilityGlobals) = postSolution
		SolutionGuid = {94BD0206-B6FC-449E-9311-DB9889B6E9CE}
	EndGlobalSection
EndGlobal
