{
  "name": "SandboxSolution",
  "lockfileVersion": 2,
  "requires": true,
  "packages": {
    "": {
      "dependencies": {
        "odata-query": "^6.7.1",
        "odata-query-builder": "^0.0.7"
      }
    },
    "node_modules/odata-query": {
      "version": "6.7.1",
      "resolved": "https://registry.npmjs.org/odata-query/-/odata-query-6.7.1.tgz",
      "integrity": "sha512-R4OGbzTBah+7Uhi0sH/ayRraVcgMRbyjtaV08U1uZ84grD5xRfLcO5BTz812kYdVNo/xmpZOKlnDNymwP40cWg==",
      "dependencies": {
        "tslib": "^1.10.0"
      }
    },
    "node_modules/odata-query-builder": {
      "version": "0.0.7",
      "resolved": "https://registry.npmjs.org/odata-query-builder/-/odata-query-builder-0.0.7.tgz",
      "integrity": "sha512-BUhSLWA8/qtC2Hxf2erCteYaaqotYSt/qim+QA4OH6GpTF8zrp0qFXtmHgovojpGh4yHumdRTmHlHAmeoTOHCw=="
    },
    "node_modules/tslib": {
      "version": "1.14.1",
      "resolved": "https://registry.npmjs.org/tslib/-/tslib-1.14.1.tgz",
      "integrity": "sha512-Xni35NKzjgMrwevysHTCArtLDpPvye8zV/0E4EyYn43P7/7qvQwPh9BGkHewbMulVntbigmcT7rdX3BNo9wRJg=="
    }
  },
  "dependencies": {
    "odata-query": {
      "version": "6.7.1",
      "resolved": "https://registry.npmjs.org/odata-query/-/odata-query-6.7.1.tgz",
      "integrity": "sha512-R4OGbzTBah+7Uhi0sH/ayRraVcgMRbyjtaV08U1uZ84grD5xRfLcO5BTz812kYdVNo/xmpZOKlnDNymwP40cWg==",
      "requires": {
        "tslib": "^1.10.0"
      }
    },
    "odata-query-builder": {
      "version": "0.0.7",
      "resolved": "https://registry.npmjs.org/odata-query-builder/-/odata-query-builder-0.0.7.tgz",
      "integrity": "sha512-BUhSLWA8/qtC2Hxf2erCteYaaqotYSt/qim+QA4OH6GpTF8zrp0qFXtmHgovojpGh4yHumdRTmHlHAmeoTOHCw=="
    },
    "tslib": {
      "version": "1.14.1",
      "resolved": "https://registry.npmjs.org/tslib/-/tslib-1.14.1.tgz",
      "integrity": "sha512-Xni35NKzjgMrwevysHTCArtLDpPvye8zV/0E4EyYn43P7/7qvQwPh9BGkHewbMulVntbigmcT7rdX3BNo9wRJg=="
    }
  }
}
